
Microsoft Visual Studio Solution File, Format Version 11.00
# Visual Studio 2010
Project("{FAE04EC0-301F-11D3-BF4B-00C04F79EFBC}") = "testproj", "Assembly-CSharp.csproj", "{614A9FD8-A6F1-CECF-30EE-C66B4C533C0C}"
EndProject
Project("{FAE04EC0-301F-11D3-BF4B-00C04F79EFBC}") = "testproj", "Assembly-CSharp-Editor.csproj", "{3C331932-EF97-3073-D6EC-FDD15E9A600A}"
EndProject
Global
	GlobalSection(SolutionConfigurationPlatforms) = preSolution
		Debug|Any CPU = Debug|Any CPU
		Release|Any CPU = Release|Any CPU
	EndGlobalSection
	GlobalSection(ProjectConfigurationPlatforms) = postSolution
		{614A9FD8-A6F1-CECF-30EE-C66B4C533C0C}.Debug|Any CPU.ActiveCfg = Debug|Any CPU
		{614A9FD8-A6F1-CECF-30EE-C66B4C533C0C}.Debug|Any CPU.Build.0 = Debug|Any CPU
		{614A9FD8-A6F1-CECF-30EE-C66B4C533C0C}.Release|Any CPU.ActiveCfg = Release|Any CPU
		{614A9FD8-A6F1-CECF-30EE-C66B4C533C0C}.Release|Any CPU.Build.0 = Release|Any CPU
		{3C331932-EF97-3073-D6EC-FDD15E9A600A}.Debug|Any CPU.ActiveCfg = Debug|Any CPU
		{3C331932-EF97-3073-D6EC-FDD15E9A600A}.Debug|Any CPU.Build.0 = Debug|Any CPU
		{3C331932-EF97-3073-D6EC-FDD15E9A600A}.Release|Any CPU.ActiveCfg = Release|Any CPU
		{3C331932-EF97-3073-D6EC-FDD15E9A600A}.Release|Any CPU.Build.0 = Release|Any CPU
	EndGlobalSection
	GlobalSection(SolutionProperties) = preSolution
		HideSolutionNode = FALSE
	EndGlobalSection
	GlobalSection(MonoDevelopProperties) = preSolution
		StartupItem = Assembly-CSharp.csproj
	EndGlobalSection
EndGlobal
